
Microsoft Visual Studio Solution File, Format Version 12.00
# Visual Studio Version 16
VisualStudioVersion = 16.0.28729.10
MinimumVisualStudioVersion = 10.0.40219.1
Project("{FAE04EC0-301F-11D3-BF4B-00C04F79EFBC}") = "Twitter-Tweet", "Twitter-Tweet\Twitter-Tweet.csproj", "{F43FABC2-5F17-4175-BF7F-041C0926A39E}"
EndProject
Project("{FAE04EC0-301F-11D3-BF4B-00C04F79EFBC}") = "Twitter-Tweet.Tests", "Twitter-Tweet.Tests\Twitter-Tweet.Tests.csproj", "{68F2EB7B-1E00-478D-85C8-919C9A779B7B}"
EndProject
Global
	GlobalSection(SolutionConfigurationPlatforms) = preSolution
		Debug|Any CPU = Debug|Any CPU
		Release|Any CPU = Release|Any CPU
	EndGlobalSection
	GlobalSection(ProjectConfigurationPlatforms) = postSolution
		{F43FABC2-5F17-4175-BF7F-041C0926A39E}.Debug|Any CPU.ActiveCfg = Debug|Any CPU
		{F43FABC2-5F17-4175-BF7F-041C0926A39E}.Debug|Any CPU.Build.0 = Debug|Any CPU
		{F43FABC2-5F17-4175-BF7F-041C0926A39E}.Release|Any CPU.ActiveCfg = Release|Any CPU
		{F43FABC2-5F17-4175-BF7F-041C0926A39E}.Release|Any CPU.Build.0 = Release|Any CPU
		{68F2EB7B-1E00-478D-85C8-919C9A779B7B}.Debug|Any CPU.ActiveCfg = Debug|Any CPU
		{68F2EB7B-1E00-478D-85C8-919C9A779B7B}.Debug|Any CPU.Build.0 = Debug|Any CPU
		{68F2EB7B-1E00-478D-85C8-919C9A779B7B}.Release|Any CPU.ActiveCfg = Release|Any CPU
		{68F2EB7B-1E00-478D-85C8-919C9A779B7B}.Release|Any CPU.Build.0 = Release|Any CPU
	EndGlobalSection
	GlobalSection(SolutionProperties) = preSolution
		HideSolutionNode = FALSE
	EndGlobalSection
	GlobalSection(ExtensibilityGlobals) = postSolution
		SolutionGuid = {73A57CF4-5A04-40B5-87D7-843D3943440C}
	EndGlobalSection
EndGlobal
