
Microsoft Visual Studio Solution File, Format Version 12.00
# Visual Studio Version 16
VisualStudioVersion = 16.0.28729.10
MinimumVisualStudioVersion = 10.0.40219.1
Project("{FAE04EC0-301F-11D3-BF4B-00C04F79EFBC}") = "Twittet-Tweet", "Twittet-Tweet\Twittet-Tweet.csproj", "{DACF1E79-0EB1-4ABE-AC38-E1A1BCAD3999}"
EndProject
Project("{FAE04EC0-301F-11D3-BF4B-00C04F79EFBC}") = "Twittet-Tweet.Tests", "Twittet-Tweet.Tests\Twittet-Tweet.Tests.csproj", "{900ACB25-6784-4085-A883-BBB1BED7B0E5}"
EndProject
Global
	GlobalSection(SolutionConfigurationPlatforms) = preSolution
		Debug|Any CPU = Debug|Any CPU
		Release|Any CPU = Release|Any CPU
	EndGlobalSection
	GlobalSection(ProjectConfigurationPlatforms) = postSolution
		{DACF1E79-0EB1-4ABE-AC38-E1A1BCAD3999}.Debug|Any CPU.ActiveCfg = Debug|Any CPU
		{DACF1E79-0EB1-4ABE-AC38-E1A1BCAD3999}.Debug|Any CPU.Build.0 = Debug|Any CPU
		{DACF1E79-0EB1-4ABE-AC38-E1A1BCAD3999}.Release|Any CPU.ActiveCfg = Release|Any CPU
		{DACF1E79-0EB1-4ABE-AC38-E1A1BCAD3999}.Release|Any CPU.Build.0 = Release|Any CPU
		{900ACB25-6784-4085-A883-BBB1BED7B0E5}.Debug|Any CPU.ActiveCfg = Debug|Any CPU
		{900ACB25-6784-4085-A883-BBB1BED7B0E5}.Debug|Any CPU.Build.0 = Debug|Any CPU
		{900ACB25-6784-4085-A883-BBB1BED7B0E5}.Release|Any CPU.ActiveCfg = Release|Any CPU
		{900ACB25-6784-4085-A883-BBB1BED7B0E5}.Release|Any CPU.Build.0 = Release|Any CPU
	EndGlobalSection
	GlobalSection(SolutionProperties) = preSolution
		HideSolutionNode = FALSE
	EndGlobalSection
	GlobalSection(ExtensibilityGlobals) = postSolution
		SolutionGuid = {E6D17787-845E-4FB2-AB67-26318514861D}
	EndGlobalSection
EndGlobal
